
Microsoft Visual Studio Solution File, Format Version 12.00
# Visual Studio Version 17
VisualStudioVersion = 17.8.34511.84
MinimumVisualStudioVersion = 10.0.40219.1
Project("{FAE04EC0-301F-11D3-BF4B-00C04F79EFBC}") = "GitWorkTree", "GitWorktree\GitWorkTree.csproj", "{44A1BDF7-0F27-46F8-8D52-5BCED297A6BD}"
EndProject
Global
	GlobalSection(SolutionConfigurationPlatforms) = preSolution
		Debug|Any CPU = Debug|Any CPU
		Debug|arm64 = Debug|arm64
		Debug|x86 = Debug|x86
		Release|Any CPU = Release|Any CPU
		Release|arm64 = Release|arm64
		Release|x86 = Release|x86
	EndGlobalSection
	GlobalSection(ProjectConfigurationPlatforms) = postSolution
		{44A1BDF7-0F27-46F8-8D52-5BCED297A6BD}.Debug|Any CPU.ActiveCfg = Debug|Any CPU
		{44A1BDF7-0F27-46F8-8D52-5BCED297A6BD}.Debug|Any CPU.Build.0 = Debug|Any CPU
		{44A1BDF7-0F27-46F8-8D52-5BCED297A6BD}.Debug|arm64.ActiveCfg = Debug|arm64
		{44A1BDF7-0F27-46F8-8D52-5BCED297A6BD}.Debug|arm64.Build.0 = Debug|arm64
		{44A1BDF7-0F27-46F8-8D52-5BCED297A6BD}.Debug|x86.ActiveCfg = Debug|x86
		{44A1BDF7-0F27-46F8-8D52-5BCED297A6BD}.Debug|x86.Build.0 = Debug|x86
		{44A1BDF7-0F27-46F8-8D52-5BCED297A6BD}.Release|Any CPU.ActiveCfg = Release|Any CPU
		{44A1BDF7-0F27-46F8-8D52-5BCED297A6BD}.Release|Any CPU.Build.0 = Release|Any CPU
		{44A1BDF7-0F27-46F8-8D52-5BCED297A6BD}.Release|arm64.ActiveCfg = Release|arm64
		{44A1BDF7-0F27-46F8-8D52-5BCED297A6BD}.Release|arm64.Build.0 = Release|arm64
		{44A1BDF7-0F27-46F8-8D52-5BCED297A6BD}.Release|x86.ActiveCfg = Release|x86
		{44A1BDF7-0F27-46F8-8D52-5BCED297A6BD}.Release|x86.Build.0 = Release|x86
	EndGlobalSection
	GlobalSection(SolutionProperties) = preSolution
		HideSolutionNode = FALSE
	EndGlobalSection
	GlobalSection(ExtensibilityGlobals) = postSolution
		SolutionGuid = {FA725D52-9747-458D-A473-798ABBC3CDA0}
	EndGlobalSection
EndGlobal
